// !$*UTF8*$!
{
	archiveVersion = 1;
	classes = {
	};
	objectVersion = 55;
	objects = {

/* Begin PBXBuildFile section */
		29AF2C1E27B00D3900F3680B /* AppDelegate.swift in Sources */ = {isa = PBXBuildFile; fileRef = 29AF2C1D27B00D3900F3680B /* AppDelegate.swift */; };
		29AF2C2027B00D3900F3680B /* SceneDelegate.swift in Sources */ = {isa = PBXBuildFile; fileRef = 29AF2C1F27B00D3900F3680B /* SceneDelegate.swift */; };
		29AF2C2227B00D3900F3680B /* SelectCountryVC.swift in Sources */ = {isa = PBXBuildFile; fileRef = 29AF2C2127B00D3900F3680B /* SelectCountryVC.swift */; };
		29AF2C2527B00D3900F3680B /* Main.storyboard in Resources */ = {isa = PBXBuildFile; fileRef = 29AF2C2327B00D3900F3680B /* Main.storyboard */; };
		29AF2C2727B00D3C00F3680B /* Assets.xcassets in Resources */ = {isa = PBXBuildFile; fileRef = 29AF2C2627B00D3C00F3680B /* Assets.xcassets */; };
		29AF2C2A27B00D3C00F3680B /* LaunchScreen.storyboard in Resources */ = {isa = PBXBuildFile; fileRef = 29AF2C2827B00D3C00F3680B /* LaunchScreen.storyboard */; };
		29AF2C3727B00F2900F3680B /* HeadlinesResponse.swift in Sources */ = {isa = PBXBuildFile; fileRef = 29AF2C3627B00F2900F3680B /* HeadlinesResponse.swift */; };
		29AF2C3B27B013E600F3680B /* ClientService.swift in Sources */ = {isa = PBXBuildFile; fileRef = 29AF2C3A27B013E600F3680B /* ClientService.swift */; };
		29AF2C3D27B015AB00F3680B /* ClientServiceProtocol.swift in Sources */ = {isa = PBXBuildFile; fileRef = 29AF2C3C27B015AB00F3680B /* ClientServiceProtocol.swift */; };
		29AF2C4527B01E5A00F3680B /* OrangeNewsTaskTests.swift in Sources */ = {isa = PBXBuildFile; fileRef = 29AF2C4427B01E5A00F3680B /* OrangeNewsTaskTests.swift */; };
		29AF2C4D27B02C4F00F3680B /* SelectCategoryVC.swift in Sources */ = {isa = PBXBuildFile; fileRef = 29AF2C4C27B02C4F00F3680B /* SelectCategoryVC.swift */; };
		29AF2C4F27B02C6100F3680B /* HomeVC.swift in Sources */ = {isa = PBXBuildFile; fileRef = 29AF2C4E27B02C6100F3680B /* HomeVC.swift */; };
		29AF2C5127B032B700F3680B /* SelectCountryViewModel.swift in Sources */ = {isa = PBXBuildFile; fileRef = 29AF2C5027B032B700F3680B /* SelectCountryViewModel.swift */; };
		29AF2C5327B19DAF00F3680B /* CountryResponse.swift in Sources */ = {isa = PBXBuildFile; fileRef = 29AF2C5227B19DAF00F3680B /* CountryResponse.swift */; };
		29AF2C5527B19E0900F3680B /* CategoryResponse.swift in Sources */ = {isa = PBXBuildFile; fileRef = 29AF2C5427B19E0900F3680B /* CategoryResponse.swift */; };
		60B7AAE708B0DE76026D075D /* Pods_OrangeNewsTask.framework in Frameworks */ = {isa = PBXBuildFile; fileRef = 9A24C98F3C63BBDC76437FE2 /* Pods_OrangeNewsTask.framework */; };
		ABA45EB81F647259208E23F2 /* Pods_OrangeNewsTaskTests.framework in Frameworks */ = {isa = PBXBuildFile; fileRef = 64C8DAC91C6D9C3F13CF3346 /* Pods_OrangeNewsTaskTests.framework */; };
/* End PBXBuildFile section */

/* Begin PBXContainerItemProxy section */
		29AF2C4627B01E5A00F3680B /* PBXContainerItemProxy */ = {
			isa = PBXContainerItemProxy;
			containerPortal = 29AF2C1227B00D3900F3680B /* Project object */;
			proxyType = 1;
			remoteGlobalIDString = 29AF2C1927B00D3900F3680B;
			remoteInfo = OrangeNewsTask;
		};
/* End PBXContainerItemProxy section */

/* Begin PBXFileReference section */
		025B3BECCD3A80D38E8C7EA2 /* Pods-OrangeNewsTask.release.xcconfig */ = {isa = PBXFileReference; includeInIndex = 1; lastKnownFileType = text.xcconfig; name = "Pods-OrangeNewsTask.release.xcconfig"; path = "Target Support Files/Pods-OrangeNewsTask/Pods-OrangeNewsTask.release.xcconfig"; sourceTree = "<group>"; };
		29AF2C1A27B00D3900F3680B /* OrangeNewsTask.app */ = {isa = PBXFileReference; explicitFileType = wrapper.application; includeInIndex = 0; path = OrangeNewsTask.app; sourceTree = BUILT_PRODUCTS_DIR; };
		29AF2C1D27B00D3900F3680B /* AppDelegate.swift */ = {isa = PBXFileReference; lastKnownFileType = sourcecode.swift; path = AppDelegate.swift; sourceTree = "<group>"; };
		29AF2C1F27B00D3900F3680B /* SceneDelegate.swift */ = {isa = PBXFileReference; lastKnownFileType = sourcecode.swift; path = SceneDelegate.swift; sourceTree = "<group>"; };
		29AF2C2127B00D3900F3680B /* SelectCountryVC.swift */ = {isa = PBXFileReference; lastKnownFileType = sourcecode.swift; path = SelectCountryVC.swift; sourceTree = "<group>"; };
		29AF2C2427B00D3900F3680B /* Base */ = {isa = PBXFileReference; lastKnownFileType = file.storyboard; name = Base; path = Base.lproj/Main.storyboard; sourceTree = "<group>"; };
		29AF2C2627B00D3C00F3680B /* Assets.xcassets */ = {isa = PBXFileReference; lastKnownFileType = folder.assetcatalog; path = Assets.xcassets; sourceTree = "<group>"; };
		29AF2C2927B00D3C00F3680B /* Base */ = {isa = PBXFileReference; lastKnownFileType = file.storyboard; name = Base; path = Base.lproj/LaunchScreen.storyboard; sourceTree = "<group>"; };
		29AF2C2B27B00D3C00F3680B /* Info.plist */ = {isa = PBXFileReference; lastKnownFileType = text.plist.xml; path = Info.plist; sourceTree = "<group>"; };
		29AF2C3627B00F2900F3680B /* HeadlinesResponse.swift */ = {isa = PBXFileReference; lastKnownFileType = sourcecode.swift; path = HeadlinesResponse.swift; sourceTree = "<group>"; };
		29AF2C3A27B013E600F3680B /* ClientService.swift */ = {isa = PBXFileReference; lastKnownFileType = sourcecode.swift; path = ClientService.swift; sourceTree = "<group>"; };
		29AF2C3C27B015AB00F3680B /* ClientServiceProtocol.swift */ = {isa = PBXFileReference; lastKnownFileType = sourcecode.swift; path = ClientServiceProtocol.swift; sourceTree = "<group>"; };
		29AF2C4227B01E5A00F3680B /* OrangeNewsTaskTests.xctest */ = {isa = PBXFileReference; explicitFileType = wrapper.cfbundle; includeInIndex = 0; path = OrangeNewsTaskTests.xctest; sourceTree = BUILT_PRODUCTS_DIR; };
		29AF2C4427B01E5A00F3680B /* OrangeNewsTaskTests.swift */ = {isa = PBXFileReference; lastKnownFileType = sourcecode.swift; path = OrangeNewsTaskTests.swift; sourceTree = "<group>"; };
		29AF2C4C27B02C4F00F3680B /* SelectCategoryVC.swift */ = {isa = PBXFileReference; lastKnownFileType = sourcecode.swift; path = SelectCategoryVC.swift; sourceTree = "<group>"; };
		29AF2C4E27B02C6100F3680B /* HomeVC.swift */ = {isa = PBXFileReference; lastKnownFileType = sourcecode.swift; path = HomeVC.swift; sourceTree = "<group>"; };
		29AF2C5027B032B700F3680B /* SelectCountryViewModel.swift */ = {isa = PBXFileReference; lastKnownFileType = sourcecode.swift; path = SelectCountryViewModel.swift; sourceTree = "<group>"; };
		29AF2C5227B19DAF00F3680B /* CountryResponse.swift */ = {isa = PBXFileReference; lastKnownFileType = sourcecode.swift; path = CountryResponse.swift; sourceTree = "<group>"; };
		29AF2C5427B19E0900F3680B /* CategoryResponse.swift */ = {isa = PBXFileReference; lastKnownFileType = sourcecode.swift; path = CategoryResponse.swift; sourceTree = "<group>"; };
		51CF8AD93177D6C6B46842A0 /* Pods-OrangeNewsTaskTests.debug.xcconfig */ = {isa = PBXFileReference; includeInIndex = 1; lastKnownFileType = text.xcconfig; name = "Pods-OrangeNewsTaskTests.debug.xcconfig"; path = "Target Support Files/Pods-OrangeNewsTaskTests/Pods-OrangeNewsTaskTests.debug.xcconfig"; sourceTree = "<group>"; };
		64C8DAC91C6D9C3F13CF3346 /* Pods_OrangeNewsTaskTests.framework */ = {isa = PBXFileReference; explicitFileType = wrapper.framework; includeInIndex = 0; path = Pods_OrangeNewsTaskTests.framework; sourceTree = BUILT_PRODUCTS_DIR; };
		9A24C98F3C63BBDC76437FE2 /* Pods_OrangeNewsTask.framework */ = {isa = PBXFileReference; explicitFileType = wrapper.framework; includeInIndex = 0; path = Pods_OrangeNewsTask.framework; sourceTree = BUILT_PRODUCTS_DIR; };
		AF7B8863AE4AB38EFA9E76B3 /* Pods-OrangeNewsTaskTests.release.xcconfig */ = {isa = PBXFileReference; includeInIndex = 1; lastKnownFileType = text.xcconfig; name = "Pods-OrangeNewsTaskTests.release.xcconfig"; path = "Target Support Files/Pods-OrangeNewsTaskTests/Pods-OrangeNewsTaskTests.release.xcconfig"; sourceTree = "<group>"; };
		C07D7CB086F422B706A3000B /* Pods-OrangeNewsTask.debug.xcconfig */ = {isa = PBXFileReference; includeInIndex = 1; lastKnownFileType = text.xcconfig; name = "Pods-OrangeNewsTask.debug.xcconfig"; path = "Target Support Files/Pods-OrangeNewsTask/Pods-OrangeNewsTask.debug.xcconfig"; sourceTree = "<group>"; };
/* End PBXFileReference section */

/* Begin PBXFrameworksBuildPhase section */
		29AF2C1727B00D3900F3680B /* Frameworks */ = {
			isa = PBXFrameworksBuildPhase;
			buildActionMask = 2147483647;
			files = (
				60B7AAE708B0DE76026D075D /* Pods_OrangeNewsTask.framework in Frameworks */,
			);
			runOnlyForDeploymentPostprocessing = 0;
		};
		29AF2C3F27B01E5A00F3680B /* Frameworks */ = {
			isa = PBXFrameworksBuildPhase;
			buildActionMask = 2147483647;
			files = (
				ABA45EB81F647259208E23F2 /* Pods_OrangeNewsTaskTests.framework in Frameworks */,
			);
			runOnlyForDeploymentPostprocessing = 0;
		};
/* End PBXFrameworksBuildPhase section */

/* Begin PBXGroup section */
		1AA53F83ED1769E1AB3078EE /* Pods */ = {
			isa = PBXGroup;
			children = (
				C07D7CB086F422B706A3000B /* Pods-OrangeNewsTask.debug.xcconfig */,
				025B3BECCD3A80D38E8C7EA2 /* Pods-OrangeNewsTask.release.xcconfig */,
				51CF8AD93177D6C6B46842A0 /* Pods-OrangeNewsTaskTests.debug.xcconfig */,
				AF7B8863AE4AB38EFA9E76B3 /* Pods-OrangeNewsTaskTests.release.xcconfig */,
			);
			path = Pods;
			sourceTree = "<group>";
		};
		29AF2C1127B00D3900F3680B = {
			isa = PBXGroup;
			children = (
				29AF2C1C27B00D3900F3680B /* OrangeNewsTask */,
				29AF2C4327B01E5A00F3680B /* OrangeNewsTaskTests */,
				29AF2C1B27B00D3900F3680B /* Products */,
				1AA53F83ED1769E1AB3078EE /* Pods */,
				87E3A6C31BEC0C1FB006508B /* Frameworks */,
			);
			sourceTree = "<group>";
		};
		29AF2C1B27B00D3900F3680B /* Products */ = {
			isa = PBXGroup;
			children = (
				29AF2C1A27B00D3900F3680B /* OrangeNewsTask.app */,
				29AF2C4227B01E5A00F3680B /* OrangeNewsTaskTests.xctest */,
			);
			name = Products;
			sourceTree = "<group>";
		};
		29AF2C1C27B00D3900F3680B /* OrangeNewsTask */ = {
			isa = PBXGroup;
			children = (
				29AF2C3127B00E2200F3680B /* NetworkLayer */,
				29AF2C3427B00E7500F3680B /* Model */,
				29AF2C3327B00E6A00F3680B /* View */,
				29AF2C3227B00E4D00F3680B /* ViewModel */,
				29AF2C1D27B00D3900F3680B /* AppDelegate.swift */,
				29AF2C1F27B00D3900F3680B /* SceneDelegate.swift */,
				29AF2C2327B00D3900F3680B /* Main.storyboard */,
				29AF2C2627B00D3C00F3680B /* Assets.xcassets */,
				29AF2C2827B00D3C00F3680B /* LaunchScreen.storyboard */,
				29AF2C2B27B00D3C00F3680B /* Info.plist */,
			);
			path = OrangeNewsTask;
			sourceTree = "<group>";
		};
		29AF2C3127B00E2200F3680B /* NetworkLayer */ = {
			isa = PBXGroup;
			children = (
				29AF2C3A27B013E600F3680B /* ClientService.swift */,
				29AF2C3C27B015AB00F3680B /* ClientServiceProtocol.swift */,
			);
			path = NetworkLayer;
			sourceTree = "<group>";
		};
		29AF2C3227B00E4D00F3680B /* ViewModel */ = {
			isa = PBXGroup;
			children = (
				29AF2C5027B032B700F3680B /* SelectCountryViewModel.swift */,
			);
			path = ViewModel;
			sourceTree = "<group>";
		};
		29AF2C3327B00E6A00F3680B /* View */ = {
			isa = PBXGroup;
			children = (
				29AF2C3827B0137D00F3680B /* Controller */,
				29AF2C3927B0139000F3680B /* Cell */,
			);
			path = View;
			sourceTree = "<group>";
		};
		29AF2C3427B00E7500F3680B /* Model */ = {
			isa = PBXGroup;
			children = (
				29AF2C3527B00EFF00F3680B /* Response */,
			);
			path = Model;
			sourceTree = "<group>";
		};
		29AF2C3527B00EFF00F3680B /* Response */ = {
			isa = PBXGroup;
			children = (
				29AF2C3627B00F2900F3680B /* HeadlinesResponse.swift */,
				29AF2C5227B19DAF00F3680B /* CountryResponse.swift */,
				29AF2C5427B19E0900F3680B /* CategoryResponse.swift */,
			);
			path = Response;
			sourceTree = "<group>";
		};
		29AF2C3827B0137D00F3680B /* Controller */ = {
			isa = PBXGroup;
			children = (
				29AF2C2127B00D3900F3680B /* SelectCountryVC.swift */,
				29AF2C4C27B02C4F00F3680B /* SelectCategoryVC.swift */,
				29AF2C4E27B02C6100F3680B /* HomeVC.swift */,
			);
			path = Controller;
			sourceTree = "<group>";
		};
		29AF2C3927B0139000F3680B /* Cell */ = {
			isa = PBXGroup;
			children = (
			);
			path = Cell;
			sourceTree = "<group>";
		};
		29AF2C4327B01E5A00F3680B /* OrangeNewsTaskTests */ = {
			isa = PBXGroup;
			children = (
				29AF2C4427B01E5A00F3680B /* OrangeNewsTaskTests.swift */,
			);
			path = OrangeNewsTaskTests;
			sourceTree = "<group>";
		};
		87E3A6C31BEC0C1FB006508B /* Frameworks */ = {
			isa = PBXGroup;
			children = (
				9A24C98F3C63BBDC76437FE2 /* Pods_OrangeNewsTask.framework */,
				64C8DAC91C6D9C3F13CF3346 /* Pods_OrangeNewsTaskTests.framework */,
			);
			name = Frameworks;
			sourceTree = "<group>";
		};
/* End PBXGroup section */

/* Begin PBXNativeTarget section */
		29AF2C1927B00D3900F3680B /* OrangeNewsTask */ = {
			isa = PBXNativeTarget;
			buildConfigurationList = 29AF2C2E27B00D3C00F3680B /* Build configuration list for PBXNativeTarget "OrangeNewsTask" */;
			buildPhases = (
				08759B3FEB5CB9128EEF5D00 /* [CP] Check Pods Manifest.lock */,
				29AF2C1627B00D3900F3680B /* Sources */,
				29AF2C1727B00D3900F3680B /* Frameworks */,
				29AF2C1827B00D3900F3680B /* Resources */,
				3BE4FA28AFCBBFB2C881FB1F /* [CP] Embed Pods Frameworks */,
			);
			buildRules = (
			);
			dependencies = (
			);
			name = OrangeNewsTask;
			productName = OrangeNewsTask;
			productReference = 29AF2C1A27B00D3900F3680B /* OrangeNewsTask.app */;
			productType = "com.apple.product-type.application";
		};
		29AF2C4127B01E5A00F3680B /* OrangeNewsTaskTests */ = {
			isa = PBXNativeTarget;
			buildConfigurationList = 29AF2C4827B01E5A00F3680B /* Build configuration list for PBXNativeTarget "OrangeNewsTaskTests" */;
			buildPhases = (
				82524B02730417F9F9A39951 /* [CP] Check Pods Manifest.lock */,
				29AF2C3E27B01E5A00F3680B /* Sources */,
				29AF2C3F27B01E5A00F3680B /* Frameworks */,
				29AF2C4027B01E5A00F3680B /* Resources */,
			);
			buildRules = (
			);
			dependencies = (
				29AF2C4727B01E5A00F3680B /* PBXTargetDependency */,
			);
			name = OrangeNewsTaskTests;
			productName = OrangeNewsTaskTests;
			productReference = 29AF2C4227B01E5A00F3680B /* OrangeNewsTaskTests.xctest */;
			productType = "com.apple.product-type.bundle.unit-test";
		};
/* End PBXNativeTarget section */

/* Begin PBXProject section */
		29AF2C1227B00D3900F3680B /* Project object */ = {
			isa = PBXProject;
			attributes = {
				BuildIndependentTargetsInParallel = 1;
				LastSwiftUpdateCheck = 1320;
				LastUpgradeCheck = 1320;
				TargetAttributes = {
					29AF2C1927B00D3900F3680B = {
						CreatedOnToolsVersion = 13.2.1;
					};
					29AF2C4127B01E5A00F3680B = {
						CreatedOnToolsVersion = 13.2.1;
						TestTargetID = 29AF2C1927B00D3900F3680B;
					};
				};
			};
			buildConfigurationList = 29AF2C1527B00D3900F3680B /* Build configuration list for PBXProject "OrangeNewsTask" */;
			compatibilityVersion = "Xcode 13.0";
			developmentRegion = en;
			hasScannedForEncodings = 0;
			knownRegions = (
				en,
				Base,
			);
			mainGroup = 29AF2C1127B00D3900F3680B;
			productRefGroup = 29AF2C1B27B00D3900F3680B /* Products */;
			projectDirPath = "";
			projectRoot = "";
			targets = (
				29AF2C1927B00D3900F3680B /* OrangeNewsTask */,
				29AF2C4127B01E5A00F3680B /* OrangeNewsTaskTests */,
			);
		};
/* End PBXProject section */

/* Begin PBXResourcesBuildPhase section */
		29AF2C1827B00D3900F3680B /* Resources */ = {
			isa = PBXResourcesBuildPhase;
			buildActionMask = 2147483647;
			files = (
				29AF2C2A27B00D3C00F3680B /* LaunchScreen.storyboard in Resources */,
				29AF2C2727B00D3C00F3680B /* Assets.xcassets in Resources */,
				29AF2C2527B00D3900F3680B /* Main.storyboard in Resources */,
			);
			runOnlyForDeploymentPostprocessing = 0;
		};
		29AF2C4027B01E5A00F3680B /* Resources */ = {
			isa = PBXResourcesBuildPhase;
			buildActionMask = 2147483647;
			files = (
			);
			runOnlyForDeploymentPostprocessing = 0;
		};
/* End PBXResourcesBuildPhase section */

/* Begin PBXShellScriptBuildPhase section */
		08759B3FEB5CB9128EEF5D00 /* [CP] Check Pods Manifest.lock */ = {
			isa = PBXShellScriptBuildPhase;
			buildActionMask = 2147483647;
			files = (
			);
			inputFileListPaths = (
			);
			inputPaths = (
				"${PODS_PODFILE_DIR_PATH}/Podfile.lock",
				"${PODS_ROOT}/Manifest.lock",
			);
			name = "[CP] Check Pods Manifest.lock";
			outputFileListPaths = (
			);
			outputPaths = (
				"$(DERIVED_FILE_DIR)/Pods-OrangeNewsTask-checkManifestLockResult.txt",
			);
			runOnlyForDeploymentPostprocessing = 0;
			shellPath = /bin/sh;
			shellScript = "diff \"${PODS_PODFILE_DIR_PATH}/Podfile.lock\" \"${PODS_ROOT}/Manifest.lock\" > /dev/null\nif [ $? != 0 ] ; then\n    # print error to STDERR\n    echo \"error: The sandbox is not in sync with the Podfile.lock. Run 'pod install' or update your CocoaPods installation.\" >&2\n    exit 1\nfi\n# This output is used by Xcode 'outputs' to avoid re-running this script phase.\necho \"SUCCESS\" > \"${SCRIPT_OUTPUT_FILE_0}\"\n";
			showEnvVarsInLog = 0;
		};
		3BE4FA28AFCBBFB2C881FB1F /* [CP] Embed Pods Frameworks */ = {
			isa = PBXShellScriptBuildPhase;
			buildActionMask = 2147483647;
			files = (
			);
			inputFileListPaths = (
				"${PODS_ROOT}/Target Support Files/Pods-OrangeNewsTask/Pods-OrangeNewsTask-frameworks-${CONFIGURATION}-input-files.xcfilelist",
			);
			name = "[CP] Embed Pods Frameworks";
			outputFileListPaths = (
				"${PODS_ROOT}/Target Support Files/Pods-OrangeNewsTask/Pods-OrangeNewsTask-frameworks-${CONFIGURATION}-output-files.xcfilelist",
			);
			runOnlyForDeploymentPostprocessing = 0;
			shellPath = /bin/sh;
			shellScript = "\"${PODS_ROOT}/Target Support Files/Pods-OrangeNewsTask/Pods-OrangeNewsTask-frameworks.sh\"\n";
			showEnvVarsInLog = 0;
		};
		82524B02730417F9F9A39951 /* [CP] Check Pods Manifest.lock */ = {
			isa = PBXShellScriptBuildPhase;
			buildActionMask = 2147483647;
			files = (
			);
			inputFileListPaths = (
			);
			inputPaths = (
				"${PODS_PODFILE_DIR_PATH}/Podfile.lock",
				"${PODS_ROOT}/Manifest.lock",
			);
			name = "[CP] Check Pods Manifest.lock";
			outputFileListPaths = (
			);
			outputPaths = (
				"$(DERIVED_FILE_DIR)/Pods-OrangeNewsTaskTests-checkManifestLockResult.txt",
			);
			runOnlyForDeploymentPostprocessing = 0;
			shellPath = /bin/sh;
			shellScript = "diff \"${PODS_PODFILE_DIR_PATH}/Podfile.lock\" \"${PODS_ROOT}/Manifest.lock\" > /dev/null\nif [ $? != 0 ] ; then\n    # print error to STDERR\n    echo \"error: The sandbox is not in sync with the Podfile.lock. Run 'pod install' or update your CocoaPods installation.\" >&2\n    exit 1\nfi\n# This output is used by Xcode 'outputs' to avoid re-running this script phase.\necho \"SUCCESS\" > \"${SCRIPT_OUTPUT_FILE_0}\"\n";
			showEnvVarsInLog = 0;
		};
/* End PBXShellScriptBuildPhase section */

/* Begin PBXSourcesBuildPhase section */
		29AF2C1627B00D3900F3680B /* Sources */ = {
			isa = PBXSourcesBuildPhase;
			buildActionMask = 2147483647;
			files = (
				29AF2C2227B00D3900F3680B /* SelectCountryVC.swift in Sources */,
				29AF2C4F27B02C6100F3680B /* HomeVC.swift in Sources */,
				29AF2C1E27B00D3900F3680B /* AppDelegate.swift in Sources */,
				29AF2C5327B19DAF00F3680B /* CountryResponse.swift in Sources */,
				29AF2C3D27B015AB00F3680B /* ClientServiceProtocol.swift in Sources */,
				29AF2C3727B00F2900F3680B /* HeadlinesResponse.swift in Sources */,
				29AF2C2027B00D3900F3680B /* SceneDelegate.swift in Sources */,
				29AF2C3B27B013E600F3680B /* ClientService.swift in Sources */,
				29AF2C5127B032B700F3680B /* SelectCountryViewModel.swift in Sources */,
				29AF2C5527B19E0900F3680B /* CategoryResponse.swift in Sources */,
				29AF2C4D27B02C4F00F3680B /* SelectCategoryVC.swift in Sources */,
			);
			runOnlyForDeploymentPostprocessing = 0;
		};
		29AF2C3E27B01E5A00F3680B /* Sources */ = {
			isa = PBXSourcesBuildPhase;
			buildActionMask = 2147483647;
			files = (
				29AF2C4527B01E5A00F3680B /* OrangeNewsTaskTests.swift in Sources */,
			);
			runOnlyForDeploymentPostprocessing = 0;
		};
/* End PBXSourcesBuildPhase section */

/* Begin PBXTargetDependency section */
		29AF2C4727B01E5A00F3680B /* PBXTargetDependency */ = {
			isa = PBXTargetDependency;
			target = 29AF2C1927B00D3900F3680B /* OrangeNewsTask */;
			targetProxy = 29AF2C4627B01E5A00F3680B /* PBXContainerItemProxy */;
		};
/* End PBXTargetDependency section */

/* Begin PBXVariantGroup section */
		29AF2C2327B00D3900F3680B /* Main.storyboard */ = {
			isa = PBXVariantGroup;
			children = (
				29AF2C2427B00D3900F3680B /* Base */,
			);
			name = Main.storyboard;
			sourceTree = "<group>";
		};
		29AF2C2827B00D3C00F3680B /* LaunchScreen.storyboard */ = {
			isa = PBXVariantGroup;
			children = (
				29AF2C2927B00D3C00F3680B /* Base */,
			);
			name = LaunchScreen.storyboard;
			sourceTree = "<group>";
		};
/* End PBXVariantGroup section */

/* Begin XCBuildConfiguration section */
		29AF2C2C27B00D3C00F3680B /* Debug */ = {
			isa = XCBuildConfiguration;
			buildSettings = {
				ALWAYS_SEARCH_USER_PATHS = NO;
				CLANG_ANALYZER_NONNULL = YES;
				CLANG_ANALYZER_NUMBER_OBJECT_CONVERSION = YES_AGGRESSIVE;
				CLANG_CXX_LANGUAGE_STANDARD = "gnu++17";
				CLANG_CXX_LIBRARY = "libc++";
				CLANG_ENABLE_MODULES = YES;
				CLANG_ENABLE_OBJC_ARC = YES;
				CLANG_ENABLE_OBJC_WEAK = YES;
				CLANG_WARN_BLOCK_CAPTURE_AUTORELEASING = YES;
				CLANG_WARN_BOOL_CONVERSION = YES;
				CLANG_WARN_COMMA = YES;
				CLANG_WARN_CONSTANT_CONVERSION = YES;
				CLANG_WARN_DEPRECATED_OBJC_IMPLEMENTATIONS = YES;
				CLANG_WARN_DIRECT_OBJC_ISA_USAGE = YES_ERROR;
				CLANG_WARN_DOCUMENTATION_COMMENTS = YES;
				CLANG_WARN_EMPTY_BODY = YES;
				CLANG_WARN_ENUM_CONVERSION = YES;
				CLANG_WARN_INFINITE_RECURSION = YES;
				CLANG_WARN_INT_CONVERSION = YES;
				CLANG_WARN_NON_LITERAL_NULL_CONVERSION = YES;
				CLANG_WARN_OBJC_IMPLICIT_RETAIN_SELF = YES;
				CLANG_WARN_OBJC_LITERAL_CONVERSION = YES;
				CLANG_WARN_OBJC_ROOT_CLASS = YES_ERROR;
				CLANG_WARN_QUOTED_INCLUDE_IN_FRAMEWORK_HEADER = YES;
				CLANG_WARN_RANGE_LOOP_ANALYSIS = YES;
				CLANG_WARN_STRICT_PROTOTYPES = YES;
				CLANG_WARN_SUSPICIOUS_MOVE = YES;
				CLANG_WARN_UNGUARDED_AVAILABILITY = YES_AGGRESSIVE;
				CLANG_WARN_UNREACHABLE_CODE = YES;
				CLANG_WARN__DUPLICATE_METHOD_MATCH = YES;
				COPY_PHASE_STRIP = NO;
				DEBUG_INFORMATION_FORMAT = dwarf;
				ENABLE_STRICT_OBJC_MSGSEND = YES;
				ENABLE_TESTABILITY = YES;
				GCC_C_LANGUAGE_STANDARD = gnu11;
				GCC_DYNAMIC_NO_PIC = NO;
				GCC_NO_COMMON_BLOCKS = YES;
				GCC_OPTIMIZATION_LEVEL = 0;
				GCC_PREPROCESSOR_DEFINITIONS = (
					"DEBUG=1",
					"$(inherited)",
				);
				GCC_WARN_64_TO_32_BIT_CONVERSION = YES;
				GCC_WARN_ABOUT_RETURN_TYPE = YES_ERROR;
				GCC_WARN_UNDECLARED_SELECTOR = YES;
				GCC_WARN_UNINITIALIZED_AUTOS = YES_AGGRESSIVE;
				GCC_WARN_UNUSED_FUNCTION = YES;
				GCC_WARN_UNUSED_VARIABLE = YES;
				IPHONEOS_DEPLOYMENT_TARGET = 15.2;
				MTL_ENABLE_DEBUG_INFO = INCLUDE_SOURCE;
				MTL_FAST_MATH = YES;
				ONLY_ACTIVE_ARCH = YES;
				SDKROOT = iphoneos;
				SWIFT_ACTIVE_COMPILATION_CONDITIONS = DEBUG;
				SWIFT_OPTIMIZATION_LEVEL = "-Onone";
			};
			name = Debug;
		};
		29AF2C2D27B00D3C00F3680B /* Release */ = {
			isa = XCBuildConfiguration;
			buildSettings = {
				ALWAYS_SEARCH_USER_PATHS = NO;
				CLANG_ANALYZER_NONNULL = YES;
				CLANG_ANALYZER_NUMBER_OBJECT_CONVERSION = YES_AGGRESSIVE;
				CLANG_CXX_LANGUAGE_STANDARD = "gnu++17";
				CLANG_CXX_LIBRARY = "libc++";
				CLANG_ENABLE_MODULES = YES;
				CLANG_ENABLE_OBJC_ARC = YES;
				CLANG_ENABLE_OBJC_WEAK = YES;
				CLANG_WARN_BLOCK_CAPTURE_AUTORELEASING = YES;
				CLANG_WARN_BOOL_CONVERSION = YES;
				CLANG_WARN_COMMA = YES;
				CLANG_WARN_CONSTANT_CONVERSION = YES;
				CLANG_WARN_DEPRECATED_OBJC_IMPLEMENTATIONS = YES;
				CLANG_WARN_DIRECT_OBJC_ISA_USAGE = YES_ERROR;
				CLANG_WARN_DOCUMENTATION_COMMENTS = YES;
				CLANG_WARN_EMPTY_BODY = YES;
				CLANG_WARN_ENUM_CONVERSION = YES;
				CLANG_WARN_INFINITE_RECURSION = YES;
				CLANG_WARN_INT_CONVERSION = YES;
				CLANG_WARN_NON_LITERAL_NULL_CONVERSION = YES;
				CLANG_WARN_OBJC_IMPLICIT_RETAIN_SELF = YES;
				CLANG_WARN_OBJC_LITERAL_CONVERSION = YES;
				CLANG_WARN_OBJC_ROOT_CLASS = YES_ERROR;
				CLANG_WARN_QUOTED_INCLUDE_IN_FRAMEWORK_HEADER = YES;
				CLANG_WARN_RANGE_LOOP_ANALYSIS = YES;
				CLANG_WARN_STRICT_PROTOTYPES = YES;
				CLANG_WARN_SUSPICIOUS_MOVE = YES;
				CLANG_WARN_UNGUARDED_AVAILABILITY = YES_AGGRESSIVE;
				CLANG_WARN_UNREACHABLE_CODE = YES;
				CLANG_WARN__DUPLICATE_METHOD_MATCH = YES;
				COPY_PHASE_STRIP = NO;
				DEBUG_INFORMATION_FORMAT = "dwarf-with-dsym";
				ENABLE_NS_ASSERTIONS = NO;
				ENABLE_STRICT_OBJC_MSGSEND = YES;
				GCC_C_LANGUAGE_STANDARD = gnu11;
				GCC_NO_COMMON_BLOCKS = YES;
				GCC_WARN_64_TO_32_BIT_CONVERSION = YES;
				GCC_WARN_ABOUT_RETURN_TYPE = YES_ERROR;
				GCC_WARN_UNDECLARED_SELECTOR = YES;
				GCC_WARN_UNINITIALIZED_AUTOS = YES_AGGRESSIVE;
				GCC_WARN_UNUSED_FUNCTION = YES;
				GCC_WARN_UNUSED_VARIABLE = YES;
				IPHONEOS_DEPLOYMENT_TARGET = 15.2;
				MTL_ENABLE_DEBUG_INFO = NO;
				MTL_FAST_MATH = YES;
				SDKROOT = iphoneos;
				SWIFT_COMPILATION_MODE = wholemodule;
				SWIFT_OPTIMIZATION_LEVEL = "-O";
				VALIDATE_PRODUCT = YES;
			};
			name = Release;
		};
		29AF2C2F27B00D3C00F3680B /* Debug */ = {
			isa = XCBuildConfiguration;
			baseConfigurationReference = C07D7CB086F422B706A3000B /* Pods-OrangeNewsTask.debug.xcconfig */;
			buildSettings = {
				ASSETCATALOG_COMPILER_APPICON_NAME = AppIcon;
				ASSETCATALOG_COMPILER_GLOBAL_ACCENT_COLOR_NAME = AccentColor;
				CODE_SIGN_STYLE = Automatic;
				CURRENT_PROJECT_VERSION = 1;
				DEVELOPMENT_TEAM = ASDMGZ58GV;
				GENERATE_INFOPLIST_FILE = YES;
				INFOPLIST_FILE = OrangeNewsTask/Info.plist;
				INFOPLIST_KEY_UIApplicationSupportsIndirectInputEvents = YES;
				INFOPLIST_KEY_UILaunchStoryboardName = LaunchScreen;
				INFOPLIST_KEY_UIMainStoryboardFile = Main;
				INFOPLIST_KEY_UISupportedInterfaceOrientations_iPad = "UIInterfaceOrientationPortrait UIInterfaceOrientationPortraitUpsideDown UIInterfaceOrientationLandscapeLeft UIInterfaceOrientationLandscapeRight";
				INFOPLIST_KEY_UISupportedInterfaceOrientations_iPhone = "UIInterfaceOrientationPortrait UIInterfaceOrientationLandscapeLeft UIInterfaceOrientationLandscapeRight";
				LD_RUNPATH_SEARCH_PATHS = (
					"$(inherited)",
					"@executable_path/Frameworks",
				);
				MARKETING_VERSION = 1.0;
				PRODUCT_BUNDLE_IDENTIFIER = com.A.Elnaggar.OrangeNewsTask;
				PRODUCT_NAME = "$(TARGET_NAME)";
				SWIFT_EMIT_LOC_STRINGS = YES;
				SWIFT_VERSION = 5.0;
				TARGETED_DEVICE_FAMILY = "1,2";
			};
			name = Debug;
		};
		29AF2C3027B00D3C00F3680B /* Release */ = {
			isa = XCBuildConfiguration;
			baseConfigurationReference = 025B3BECCD3A80D38E8C7EA2 /* Pods-OrangeNewsTask.release.xcconfig */;
			buildSettings = {
				ASSETCATALOG_COMPILER_APPICON_NAME = AppIcon;
				ASSETCATALOG_COMPILER_GLOBAL_ACCENT_COLOR_NAME = AccentColor;
				CODE_SIGN_STYLE = Automatic;
				CURRENT_PROJECT_VERSION = 1;
				DEVELOPMENT_TEAM = ASDMGZ58GV;
				GENERATE_INFOPLIST_FILE = YES;
				INFOPLIST_FILE = OrangeNewsTask/Info.plist;
				INFOPLIST_KEY_UIApplicationSupportsIndirectInputEvents = YES;
				INFOPLIST_KEY_UILaunchStoryboardName = LaunchScreen;
				INFOPLIST_KEY_UIMainStoryboardFile = Main;
				INFOPLIST_KEY_UISupportedInterfaceOrientations_iPad = "UIInterfaceOrientationPortrait UIInterfaceOrientationPortraitUpsideDown UIInterfaceOrientationLandscapeLeft UIInterfaceOrientationLandscapeRight";
				INFOPLIST_KEY_UISupportedInterfaceOrientations_iPhone = "UIInterfaceOrientationPortrait UIInterfaceOrientationLandscapeLeft UIInterfaceOrientationLandscapeRight";
				LD_RUNPATH_SEARCH_PATHS = (
					"$(inherited)",
					"@executable_path/Frameworks",
				);
				MARKETING_VERSION = 1.0;
				PRODUCT_BUNDLE_IDENTIFIER = com.A.Elnaggar.OrangeNewsTask;
				PRODUCT_NAME = "$(TARGET_NAME)";
				SWIFT_EMIT_LOC_STRINGS = YES;
				SWIFT_VERSION = 5.0;
				TARGETED_DEVICE_FAMILY = "1,2";
			};
			name = Release;
		};
		29AF2C4927B01E5A00F3680B /* Debug */ = {
			isa = XCBuildConfiguration;
			baseConfigurationReference = 51CF8AD93177D6C6B46842A0 /* Pods-OrangeNewsTaskTests.debug.xcconfig */;
			buildSettings = {
				BUNDLE_LOADER = "$(TEST_HOST)";
				CODE_SIGN_STYLE = Automatic;
				CURRENT_PROJECT_VERSION = 1;
				DEVELOPMENT_TEAM = ASDMGZ58GV;
				GENERATE_INFOPLIST_FILE = YES;
				MARKETING_VERSION = 1.0;
				PRODUCT_BUNDLE_IDENTIFIER = com.A.Elnaggar.OrangeNewsTaskTests;
				PRODUCT_NAME = "$(TARGET_NAME)";
				SWIFT_EMIT_LOC_STRINGS = NO;
				SWIFT_VERSION = 5.0;
				TARGETED_DEVICE_FAMILY = "1,2";
				TEST_HOST = "$(BUILT_PRODUCTS_DIR)/OrangeNewsTask.app/OrangeNewsTask";
			};
			name = Debug;
		};
		29AF2C4A27B01E5A00F3680B /* Release */ = {
			isa = XCBuildConfiguration;
			baseConfigurationReference = AF7B8863AE4AB38EFA9E76B3 /* Pods-OrangeNewsTaskTests.release.xcconfig */;
			buildSettings = {
				BUNDLE_LOADER = "$(TEST_HOST)";
				CODE_SIGN_STYLE = Automatic;
				CURRENT_PROJECT_VERSION = 1;
				DEVELOPMENT_TEAM = ASDMGZ58GV;
				GENERATE_INFOPLIST_FILE = YES;
				MARKETING_VERSION = 1.0;
				PRODUCT_BUNDLE_IDENTIFIER = com.A.Elnaggar.OrangeNewsTaskTests;
				PRODUCT_NAME = "$(TARGET_NAME)";
				SWIFT_EMIT_LOC_STRINGS = NO;
				SWIFT_VERSION = 5.0;
				TARGETED_DEVICE_FAMILY = "1,2";
				TEST_HOST = "$(BUILT_PRODUCTS_DIR)/OrangeNewsTask.app/OrangeNewsTask";
			};
			name = Release;
		};
/* End XCBuildConfiguration section */

/* Begin XCConfigurationList section */
		29AF2C1527B00D3900F3680B /* Build configuration list for PBXProject "OrangeNewsTask" */ = {
			isa = XCConfigurationList;
			buildConfigurations = (
				29AF2C2C27B00D3C00F3680B /* Debug */,
				29AF2C2D27B00D3C00F3680B /* Release */,
			);
			defaultConfigurationIsVisible = 0;
			defaultConfigurationName = Release;
		};
		29AF2C2E27B00D3C00F3680B /* Build configuration list for PBXNativeTarget "OrangeNewsTask" */ = {
			isa = XCConfigurationList;
			buildConfigurations = (
				29AF2C2F27B00D3C00F3680B /* Debug */,
				29AF2C3027B00D3C00F3680B /* Release */,
			);
			defaultConfigurationIsVisible = 0;
			defaultConfigurationName = Release;
		};
		29AF2C4827B01E5A00F3680B /* Build configuration list for PBXNativeTarget "OrangeNewsTaskTests" */ = {
			isa = XCConfigurationList;
			buildConfigurations = (
				29AF2C4927B01E5A00F3680B /* Debug */,
				29AF2C4A27B01E5A00F3680B /* Release */,
			);
			defaultConfigurationIsVisible = 0;
			defaultConfigurationName = Release;
		};
/* End XCConfigurationList section */
	};
	rootObject = 29AF2C1227B00D3900F3680B /* Project object */;
}
